
Microsoft Visual Studio Solution File, Format Version 12.00
# Visual Studio Version 17
VisualStudioVersion = 17.5.33414.496
MinimumVisualStudioVersion = 10.0.40219.1
Project("{FAE04EC0-301F-11D3-BF4B-00C04F79EFBC}") = "CMPE312_PROJECT_TICKETSYSTEM", "CMPE312_PROJECT_TICKETSYSTEM.csproj", "{7E2F2DD8-A623-48E9-9DB5-7780680B71F4}"
EndProject
Global
	GlobalSection(SolutionConfigurationPlatforms) = preSolution
		Debug|Any CPU = Debug|Any CPU
		Release|Any CPU = Release|Any CPU
	EndGlobalSection
	GlobalSection(ProjectConfigurationPlatforms) = postSolution
		{7E2F2DD8-A623-48E9-9DB5-7780680B71F4}.Debug|Any CPU.ActiveCfg = Debug|Any CPU
		{7E2F2DD8-A623-48E9-9DB5-7780680B71F4}.Debug|Any CPU.Build.0 = Debug|Any CPU
		{7E2F2DD8-A623-48E9-9DB5-7780680B71F4}.Release|Any CPU.ActiveCfg = Release|Any CPU
		{7E2F2DD8-A623-48E9-9DB5-7780680B71F4}.Release|Any CPU.Build.0 = Release|Any CPU
	EndGlobalSection
	GlobalSection(SolutionProperties) = preSolution
		HideSolutionNode = FALSE
	EndGlobalSection
	GlobalSection(ExtensibilityGlobals) = postSolution
		SolutionGuid = {D385F62B-A381-4D42-9E57-F29E039A91AE}
	EndGlobalSection
EndGlobal
